
Microsoft Visual Studio Solution File, Format Version 12.00
# Visual Studio Version 17
VisualStudioVersion = 17.10.35122.118
MinimumVisualStudioVersion = 10.0.40219.1
Project("{FAE04EC0-301F-11D3-BF4B-00C04F79EFBC}") = "lab_Day_9", "lab_Day_9\lab_Day_9.csproj", "{73CDB07A-D608-4035-BA6C-FCBE7472F3AD}"
EndProject
Global
	GlobalSection(SolutionConfigurationPlatforms) = preSolution
		Debug|Any CPU = Debug|Any CPU
		Release|Any CPU = Release|Any CPU
	EndGlobalSection
	GlobalSection(ProjectConfigurationPlatforms) = postSolution
		{73CDB07A-D608-4035-BA6C-FCBE7472F3AD}.Debug|Any CPU.ActiveCfg = Debug|Any CPU
		{73CDB07A-D608-4035-BA6C-FCBE7472F3AD}.Debug|Any CPU.Build.0 = Debug|Any CPU
		{73CDB07A-D608-4035-BA6C-FCBE7472F3AD}.Release|Any CPU.ActiveCfg = Release|Any CPU
		{73CDB07A-D608-4035-BA6C-FCBE7472F3AD}.Release|Any CPU.Build.0 = Release|Any CPU
	EndGlobalSection
	GlobalSection(SolutionProperties) = preSolution
		HideSolutionNode = FALSE
	EndGlobalSection
	GlobalSection(ExtensibilityGlobals) = postSolution
		SolutionGuid = {BE616F59-5080-4380-A991-4F0CA6418E9F}
	EndGlobalSection
EndGlobal
